github.com/odipar/dtx/go v0.11.1 h1:gBdEbB6S6TvwTnRnqmqR5Y57ssSNWwLSIrORhwHEA7w=
github.com/odipar/dtx/go v0.11.1/go.mod h1:4MjFOYuWlCLtNcuOlcT1BOjKfs1gfFDE4bjFP4/Mu30=
github.com/odipar/st4/go v0.1.2 h1:vwVt2b/1jk0NthKHaPkOKM/VthUMEM0SUyfCzU7T3SU=
github.com/odipar/st4/go v0.1.2/go.mod h1:xD8FllM+rAb/78hl9IFd7L3AIz+IQuNT++L7fuBSiNM=
github.com/odipar/ymxs/go v0.3.4 h1:gfSN22mbVzT2lNmdbqc0tmxDWVWRakeJ95N+mSFBTn8=
github.com/odipar/ymxs/go v0.3.4/go.mod h1:1dGec133U1iy9VAgt8HOY1zIHVPpiRLaAeYYgqUpXFs=
