github.com/odipar/dtx/go v0.11.5 h1:PovB/J65IYDP5tDhuzIC7I9b5GrYUkMFtnrhfAj3vJs=
github.com/odipar/dtx/go v0.11.5/go.mod h1:Md4SxsHw+D1qNbBKHCIEFvJOvRLPu1epHCkl+VBAMR0=
github.com/odipar/dtx/go v0.11.6 h1:xtvryRhav6FBh4bhVL12nIgkulWfcrNzWSx2rLM09k4=
github.com/odipar/dtx/go v0.11.6/go.mod h1:gsKIuFmrZQ1FpvrZMSZ1gFs1rrGNMfJlhfHeV8E16dg=
github.com/odipar/dtx/go v0.11.7 h1:RIPRvrsE4dwv9Qj2dXoq9z79APpc4e2CXsHI+hLqQ80=
github.com/odipar/dtx/go v0.11.7/go.mod h1:q4E1jeZzZQ9NS/m2opNtbx2gDJ3iS3tCJoDvxe5AxmM=
github.com/odipar/st4/go v0.1.5 h1:fvp6N5Ic0ofpL1nunGG9QQjPcallNuLzx5OQgO29814=
github.com/odipar/st4/go v0.1.5/go.mod h1:xD8FllM+rAb/78hl9IFd7L3AIz+IQuNT++L7fuBSiNM=
github.com/odipar/st4/go v0.1.6 h1:bR0solsMg1xv7Hihp8pmJCmqrb+VDsoIpsKZK2ypa5I=
github.com/odipar/st4/go v0.1.6/go.mod h1:xD8FllM+rAb/78hl9IFd7L3AIz+IQuNT++L7fuBSiNM=
github.com/odipar/st4/go v0.1.7 h1:t0nF5CipdJguUZ7pwcV/vOq34Sm1FmSnN+RiRO4VN4s=
github.com/odipar/st4/go v0.1.7/go.mod h1:xD8FllM+rAb/78hl9IFd7L3AIz+IQuNT++L7fuBSiNM=
github.com/odipar/ymxs/go v0.3.4 h1:gfSN22mbVzT2lNmdbqc0tmxDWVWRakeJ95N+mSFBTn8=
github.com/odipar/ymxs/go v0.3.4/go.mod h1:1dGec133U1iy9VAgt8HOY1zIHVPpiRLaAeYYgqUpXFs=
github.com/odipar/ymxs/go v0.3.5 h1:QTfJd4vJibiWa2gt3bzLdwM9dC3X0Ozvskc7qWoK+7Y=
github.com/odipar/ymxs/go v0.3.5/go.mod h1:1dGec133U1iy9VAgt8HOY1zIHVPpiRLaAeYYgqUpXFs=
github.com/odipar/ymxs/go v0.3.6 h1:r6wC2LoevR5NTtGPL1q1JUe14p2IwDgg03KTf3rCvzk=
github.com/odipar/ymxs/go v0.3.6/go.mod h1:1dGec133U1iy9VAgt8HOY1zIHVPpiRLaAeYYgqUpXFs=
github.com/odipar/ymxs/go v0.4.0 h1:QBQYT12fRCtuOfCWc7j1qm8pXOPkoZjA0qcE+lkGl0c=
github.com/odipar/ymxs/go v0.4.0/go.mod h1:1dGec133U1iy9VAgt8HOY1zIHVPpiRLaAeYYgqUpXFs=
