github.com/odipar/dtx/go v0.11.10 h1:lqwTo/TOy1DORguPLIZaYs3H1pUUrl+LGyEJ8BhBm8Y=
github.com/odipar/dtx/go v0.11.10/go.mod h1:tY3e+y2wg8etbGz/M0A18HbNvDXpwcFMyDpZ18wCE9c=
github.com/odipar/st4/go v0.1.9 h1:cB8oto0ynvtiKWl2e0xt4i7uzWPlTm+iFJwUJgvQUCY=
github.com/odipar/st4/go v0.1.9/go.mod h1:xD8FllM+rAb/78hl9IFd7L3AIz+IQuNT++L7fuBSiNM=
github.com/odipar/ymxs/go v0.4.4 h1:jDn0VaasRG7Fzy9UArqvlV4bI0lVHyeO4WKNNWXHz80=
github.com/odipar/ymxs/go v0.4.4/go.mod h1:1dGec133U1iy9VAgt8HOY1zIHVPpiRLaAeYYgqUpXFs=
